
Microsoft Visual Studio Solution File, Format Version 12.00
# Visual Studio 14
VisualStudioVersion = 14.0.25123.0
MinimumVisualStudioVersion = 10.0.40219.1
Project("{FAE04EC0-301F-11D3-BF4B-00C04F79EFBC}") = "Shagu.Utils", "Shagu.Utils\Shagu.Utils.csproj", "{7A21D812-3F29-4553-A629-E1C81901F50B}"
EndProject
Project("{FAE04EC0-301F-11D3-BF4B-00C04F79EFBC}") = "XamlBrewer.Uwp.Controls", "XamlBrewer.Uwp.Controls\XamlBrewer.Uwp.Controls.csproj", "{E16843F7-D823-4601-8E42-77ABE2A4463B}"
EndProject
Project("{2150E333-8FDC-42A3-9474-1A3956D46DE8}") = "Common", "Common", "{6596AEDD-727B-4097-A946-2819992EE2D2}"
EndProject
Project("{FAE04EC0-301F-11D3-BF4B-00C04F79EFBC}") = "Shagu.Controls", "Shagu.Controls\Shagu.Controls.csproj", "{29B671C9-302C-4014-A55C-E8E725C2AB47}"
EndProject
Project("{2150E333-8FDC-42A3-9474-1A3956D46DE8}") = "Caliburn", "Caliburn", "{5C7BE9A5-8A4C-4994-A050-96C3E13E0CF1}"
EndProject
Project("{FAE04EC0-301F-11D3-BF4B-00C04F79EFBC}") = "Caliburn.Micro", "Caliburn.Micro\Caliburn.Micro\Caliburn.Micro.csproj", "{6D772B52-DA8F-4784-971A-4BF50CB6D306}"
EndProject
Project("{FAE04EC0-301F-11D3-BF4B-00C04F79EFBC}") = "Caliburn.Micro.Platform.Core", "Caliburn.Micro\Caliburn.Micro.Platform\Caliburn.Micro.Platform.Core.csproj", "{0ECBE3D9-AED4-419D-A6E3-C53D5CE2A02A}"
EndProject
Project("{FAE04EC0-301F-11D3-BF4B-00C04F79EFBC}") = "Caliburn.Micro.Platform.UWP", "Caliburn.Micro\Caliburn.Micro.Platform.UWP\Caliburn.Micro.Platform.UWP.csproj", "{94D9A9C6-44C1-4E5A-877B-5761C963B2F6}"
EndProject
Project("{2150E333-8FDC-42A3-9474-1A3956D46DE8}") = "ZhihuDaily", "ZhihuDaily", "{1E6A3CD2-81A7-4DA2-8822-5415B5C13E7E}"
EndProject
Project("{FAE04EC0-301F-11D3-BF4B-00C04F79EFBC}") = "ZhihuDaily.Domain", "ZhihuDaily.Domain\ZhihuDaily.Domain.csproj", "{45BDAE79-0DCB-46DD-A48A-74BC9B8F2982}"
EndProject
Project("{FAE04EC0-301F-11D3-BF4B-00C04F79EFBC}") = "ZhihuDaily", "ZhihuDaily\ZhihuDaily.csproj", "{B97F09BC-3D06-4F0D-90C3-CAF002B9885B}"
EndProject
Project("{FAE04EC0-301F-11D3-BF4B-00C04F79EFBC}") = "Shagu.Weibo", "Shagu.Weibo\Shagu.Weibo.csproj", "{E6783ABD-7BB8-4868-A1CD-5AC4A9AF9FBE}"
EndProject
Project("{FAE04EC0-301F-11D3-BF4B-00C04F79EFBC}") = "Shagu.UI", "Shagu.UI\Shagu.UI.csproj", "{EAF6EC7B-39D2-4A16-B3C9-B64BD28E12C2}"
EndProject
Global
	GlobalSection(SolutionConfigurationPlatforms) = preSolution
		Debug .NET Native|Any CPU = Debug .NET Native|Any CPU
		Debug .NET Native|ARM = Debug .NET Native|ARM
		Debug .NET Native|x64 = Debug .NET Native|x64
		Debug .NET Native|x86 = Debug .NET Native|x86
		Debug|Any CPU = Debug|Any CPU
		Debug|ARM = Debug|ARM
		Debug|x64 = Debug|x64
		Debug|x86 = Debug|x86
		Release .NET Native|Any CPU = Release .NET Native|Any CPU
		Release .NET Native|ARM = Release .NET Native|ARM
		Release .NET Native|x64 = Release .NET Native|x64
		Release .NET Native|x86 = Release .NET Native|x86
		Release_Native|Any CPU = Release_Native|Any CPU
		Release_Native|ARM = Release_Native|ARM
		Release_Native|x64 = Release_Native|x64
		Release_Native|x86 = Release_Native|x86
		Release|Any CPU = Release|Any CPU
		Release|ARM = Release|ARM
		Release|x64 = Release|x64
		Release|x86 = Release|x86
	EndGlobalSection
	GlobalSection(ProjectConfigurationPlatforms) = postSolution
		{7A21D812-3F29-4553-A629-E1C81901F50B}.Debug .NET Native|Any CPU.ActiveCfg = Debug .NET Native|Any CPU
		{7A21D812-3F29-4553-A629-E1C81901F50B}.Debug .NET Native|Any CPU.Build.0 = Debug .NET Native|Any CPU
		{7A21D812-3F29-4553-A629-E1C81901F50B}.Debug .NET Native|ARM.ActiveCfg = Debug .NET Native|ARM
		{7A21D812-3F29-4553-A629-E1C81901F50B}.Debug .NET Native|ARM.Build.0 = Debug .NET Native|ARM
		{7A21D812-3F29-4553-A629-E1C81901F50B}.Debug .NET Native|x64.ActiveCfg = Debug .NET Native|x64
		{7A21D812-3F29-4553-A629-E1C81901F50B}.Debug .NET Native|x64.Build.0 = Debug .NET Native|x64
		{7A21D812-3F29-4553-A629-E1C81901F50B}.Debug .NET Native|x86.ActiveCfg = Debug .NET Native|x86
		{7A21D812-3F29-4553-A629-E1C81901F50B}.Debug .NET Native|x86.Build.0 = Debug .NET Native|x86
		{7A21D812-3F29-4553-A629-E1C81901F50B}.Debug|Any CPU.ActiveCfg = Debug|Any CPU
		{7A21D812-3F29-4553-A629-E1C81901F50B}.Debug|Any CPU.Build.0 = Debug|Any CPU
		{7A21D812-3F29-4553-A629-E1C81901F50B}.Debug|ARM.ActiveCfg = Debug|ARM
		{7A21D812-3F29-4553-A629-E1C81901F50B}.Debug|ARM.Build.0 = Debug|ARM
		{7A21D812-3F29-4553-A629-E1C81901F50B}.Debug|x64.ActiveCfg = Debug|x64
		{7A21D812-3F29-4553-A629-E1C81901F50B}.Debug|x64.Build.0 = Debug|x64
		{7A21D812-3F29-4553-A629-E1C81901F50B}.Debug|x86.ActiveCfg = Debug|x86
		{7A21D812-3F29-4553-A629-E1C81901F50B}.Debug|x86.Build.0 = Debug|x86
		{7A21D812-3F29-4553-A629-E1C81901F50B}.Release .NET Native|Any CPU.ActiveCfg = Release .NET Native|Any CPU
		{7A21D812-3F29-4553-A629-E1C81901F50B}.Release .NET Native|Any CPU.Build.0 = Release .NET Native|Any CPU
		{7A21D812-3F29-4553-A629-E1C81901F50B}.Release .NET Native|ARM.ActiveCfg = Release .NET Native|ARM
		{7A21D812-3F29-4553-A629-E1C81901F50B}.Release .NET Native|ARM.Build.0 = Release .NET Native|ARM
		{7A21D812-3F29-4553-A629-E1C81901F50B}.Release .NET Native|x64.ActiveCfg = Release .NET Native|x64
		{7A21D812-3F29-4553-A629-E1C81901F50B}.Release .NET Native|x64.Build.0 = Release .NET Native|x64
		{7A21D812-3F29-4553-A629-E1C81901F50B}.Release .NET Native|x86.ActiveCfg = Release .NET Native|x86
		{7A21D812-3F29-4553-A629-E1C81901F50B}.Release .NET Native|x86.Build.0 = Release .NET Native|x86
		{7A21D812-3F29-4553-A629-E1C81901F50B}.Release_Native|Any CPU.ActiveCfg = Release_Native|Any CPU
		{7A21D812-3F29-4553-A629-E1C81901F50B}.Release_Native|Any CPU.Build.0 = Release_Native|Any CPU
		{7A21D812-3F29-4553-A629-E1C81901F50B}.Release_Native|ARM.ActiveCfg = Release_Native|ARM
		{7A21D812-3F29-4553-A629-E1C81901F50B}.Release_Native|ARM.Build.0 = Release_Native|ARM
		{7A21D812-3F29-4553-A629-E1C81901F50B}.Release_Native|x64.ActiveCfg = Release_Native|x64
		{7A21D812-3F29-4553-A629-E1C81901F50B}.Release_Native|x64.Build.0 = Release_Native|x64
		{7A21D812-3F29-4553-A629-E1C81901F50B}.Release_Native|x86.ActiveCfg = Release_Native|x86
		{7A21D812-3F29-4553-A629-E1C81901F50B}.Release_Native|x86.Build.0 = Release_Native|x86
		{7A21D812-3F29-4553-A629-E1C81901F50B}.Release|Any CPU.ActiveCfg = Release|Any CPU
		{7A21D812-3F29-4553-A629-E1C81901F50B}.Release|Any CPU.Build.0 = Release|Any CPU
		{7A21D812-3F29-4553-A629-E1C81901F50B}.Release|ARM.ActiveCfg = Release|ARM
		{7A21D812-3F29-4553-A629-E1C81901F50B}.Release|ARM.Build.0 = Release|ARM
		{7A21D812-3F29-4553-A629-E1C81901F50B}.Release|x64.ActiveCfg = Release|x64
		{7A21D812-3F29-4553-A629-E1C81901F50B}.Release|x64.Build.0 = Release|x64
		{7A21D812-3F29-4553-A629-E1C81901F50B}.Release|x86.ActiveCfg = Release|x86
		{7A21D812-3F29-4553-A629-E1C81901F50B}.Release|x86.Build.0 = Release|x86
		{E16843F7-D823-4601-8E42-77ABE2A4463B}.Debug .NET Native|Any CPU.ActiveCfg = Debug|Any CPU
		{E16843F7-D823-4601-8E42-77ABE2A4463B}.Debug .NET Native|Any CPU.Build.0 = Debug|Any CPU
		{E16843F7-D823-4601-8E42-77ABE2A4463B}.Debug .NET Native|ARM.ActiveCfg = Debug|ARM
		{E16843F7-D823-4601-8E42-77ABE2A4463B}.Debug .NET Native|ARM.Build.0 = Debug|ARM
		{E16843F7-D823-4601-8E42-77ABE2A4463B}.Debug .NET Native|x64.ActiveCfg = Debug|x64
		{E16843F7-D823-4601-8E42-77ABE2A4463B}.Debug .NET Native|x64.Build.0 = Debug|x64
		{E16843F7-D823-4601-8E42-77ABE2A4463B}.Debug .NET Native|x86.ActiveCfg = Debug|x86
		{E16843F7-D823-4601-8E42-77ABE2A4463B}.Debug .NET Native|x86.Build.0 = Debug|x86
		{E16843F7-D823-4601-8E42-77ABE2A4463B}.Debug|Any CPU.ActiveCfg = Debug|Any CPU
		{E16843F7-D823-4601-8E42-77ABE2A4463B}.Debug|Any CPU.Build.0 = Debug|Any CPU
		{E16843F7-D823-4601-8E42-77ABE2A4463B}.Debug|ARM.ActiveCfg = Debug|ARM
		{E16843F7-D823-4601-8E42-77ABE2A4463B}.Debug|ARM.Build.0 = Debug|ARM
		{E16843F7-D823-4601-8E42-77ABE2A4463B}.Debug|x64.ActiveCfg = Debug|x64
		{E16843F7-D823-4601-8E42-77ABE2A4463B}.Debug|x64.Build.0 = Debug|x64
		{E16843F7-D823-4601-8E42-77ABE2A4463B}.Debug|x86.ActiveCfg = Debug|x86
		{E16843F7-D823-4601-8E42-77ABE2A4463B}.Debug|x86.Build.0 = Debug|x86
		{E16843F7-D823-4601-8E42-77ABE2A4463B}.Release .NET Native|Any CPU.ActiveCfg = Release|Any CPU
		{E16843F7-D823-4601-8E42-77ABE2A4463B}.Release .NET Native|Any CPU.Build.0 = Release|Any CPU
		{E16843F7-D823-4601-8E42-77ABE2A4463B}.Release .NET Native|ARM.ActiveCfg = Release|ARM
		{E16843F7-D823-4601-8E42-77ABE2A4463B}.Release .NET Native|ARM.Build.0 = Release|ARM
		{E16843F7-D823-4601-8E42-77ABE2A4463B}.Release .NET Native|x64.ActiveCfg = Release|x64
		{E16843F7-D823-4601-8E42-77ABE2A4463B}.Release .NET Native|x64.Build.0 = Release|x64
		{E16843F7-D823-4601-8E42-77ABE2A4463B}.Release .NET Native|x86.ActiveCfg = Release|x86
		{E16843F7-D823-4601-8E42-77ABE2A4463B}.Release .NET Native|x86.Build.0 = Release|x86
		{E16843F7-D823-4601-8E42-77ABE2A4463B}.Release_Native|Any CPU.ActiveCfg = Release_Native|Any CPU
		{E16843F7-D823-4601-8E42-77ABE2A4463B}.Release_Native|Any CPU.Build.0 = Release_Native|Any CPU
		{E16843F7-D823-4601-8E42-77ABE2A4463B}.Release_Native|ARM.ActiveCfg = Release_Native|ARM
		{E16843F7-D823-4601-8E42-77ABE2A4463B}.Release_Native|ARM.Build.0 = Release_Native|ARM
		{E16843F7-D823-4601-8E42-77ABE2A4463B}.Release_Native|x64.ActiveCfg = Release_Native|x64
		{E16843F7-D823-4601-8E42-77ABE2A4463B}.Release_Native|x64.Build.0 = Release_Native|x64
		{E16843F7-D823-4601-8E42-77ABE2A4463B}.Release_Native|x86.ActiveCfg = Release_Native|x86
		{E16843F7-D823-4601-8E42-77ABE2A4463B}.Release_Native|x86.Build.0 = Release_Native|x86
		{E16843F7-D823-4601-8E42-77ABE2A4463B}.Release|Any CPU.ActiveCfg = Release|Any CPU
		{E16843F7-D823-4601-8E42-77ABE2A4463B}.Release|Any CPU.Build.0 = Release|Any CPU
		{E16843F7-D823-4601-8E42-77ABE2A4463B}.Release|ARM.ActiveCfg = Release|ARM
		{E16843F7-D823-4601-8E42-77ABE2A4463B}.Release|ARM.Build.0 = Release|ARM
		{E16843F7-D823-4601-8E42-77ABE2A4463B}.Release|x64.ActiveCfg = Release|x64
		{E16843F7-D823-4601-8E42-77ABE2A4463B}.Release|x64.Build.0 = Release|x64
		{E16843F7-D823-4601-8E42-77ABE2A4463B}.Release|x86.ActiveCfg = Release|x86
		{E16843F7-D823-4601-8E42-77ABE2A4463B}.Release|x86.Build.0 = Release|x86
		{29B671C9-302C-4014-A55C-E8E725C2AB47}.Debug .NET Native|Any CPU.ActiveCfg = Debug|Any CPU
		{29B671C9-302C-4014-A55C-E8E725C2AB47}.Debug .NET Native|Any CPU.Build.0 = Debug|Any CPU
		{29B671C9-302C-4014-A55C-E8E725C2AB47}.Debug .NET Native|ARM.ActiveCfg = Debug|ARM
		{29B671C9-302C-4014-A55C-E8E725C2AB47}.Debug .NET Native|ARM.Build.0 = Debug|ARM
		{29B671C9-302C-4014-A55C-E8E725C2AB47}.Debug .NET Native|x64.ActiveCfg = Debug|x64
		{29B671C9-302C-4014-A55C-E8E725C2AB47}.Debug .NET Native|x64.Build.0 = Debug|x64
		{29B671C9-302C-4014-A55C-E8E725C2AB47}.Debug .NET Native|x86.ActiveCfg = Debug|x86
		{29B671C9-302C-4014-A55C-E8E725C2AB47}.Debug .NET Native|x86.Build.0 = Debug|x86
		{29B671C9-302C-4014-A55C-E8E725C2AB47}.Debug|Any CPU.ActiveCfg = Debug|Any CPU
		{29B671C9-302C-4014-A55C-E8E725C2AB47}.Debug|Any CPU.Build.0 = Debug|Any CPU
		{29B671C9-302C-4014-A55C-E8E725C2AB47}.Debug|ARM.ActiveCfg = Debug|ARM
		{29B671C9-302C-4014-A55C-E8E725C2AB47}.Debug|ARM.Build.0 = Debug|ARM
		{29B671C9-302C-4014-A55C-E8E725C2AB47}.Debug|x64.ActiveCfg = Debug|x64
		{29B671C9-302C-4014-A55C-E8E725C2AB47}.Debug|x64.Build.0 = Debug|x64
		{29B671C9-302C-4014-A55C-E8E725C2AB47}.Debug|x86.ActiveCfg = Debug|x86
		{29B671C9-302C-4014-A55C-E8E725C2AB47}.Debug|x86.Build.0 = Debug|x86
		{29B671C9-302C-4014-A55C-E8E725C2AB47}.Release .NET Native|Any CPU.ActiveCfg = Release|Any CPU
		{29B671C9-302C-4014-A55C-E8E725C2AB47}.Release .NET Native|Any CPU.Build.0 = Release|Any CPU
		{29B671C9-302C-4014-A55C-E8E725C2AB47}.Release .NET Native|ARM.ActiveCfg = Release|ARM
		{29B671C9-302C-4014-A55C-E8E725C2AB47}.Release .NET Native|ARM.Build.0 = Release|ARM
		{29B671C9-302C-4014-A55C-E8E725C2AB47}.Release .NET Native|x64.ActiveCfg = Release|x64
		{29B671C9-302C-4014-A55C-E8E725C2AB47}.Release .NET Native|x64.Build.0 = Release|x64
		{29B671C9-302C-4014-A55C-E8E725C2AB47}.Release .NET Native|x86.ActiveCfg = Release|x86
		{29B671C9-302C-4014-A55C-E8E725C2AB47}.Release .NET Native|x86.Build.0 = Release|x86
		{29B671C9-302C-4014-A55C-E8E725C2AB47}.Release_Native|Any CPU.ActiveCfg = Release|Any CPU
		{29B671C9-302C-4014-A55C-E8E725C2AB47}.Release_Native|Any CPU.Build.0 = Release|Any CPU
		{29B671C9-302C-4014-A55C-E8E725C2AB47}.Release_Native|ARM.ActiveCfg = Release|ARM
		{29B671C9-302C-4014-A55C-E8E725C2AB47}.Release_Native|ARM.Build.0 = Release|ARM
		{29B671C9-302C-4014-A55C-E8E725C2AB47}.Release_Native|x64.ActiveCfg = Release|x64
		{29B671C9-302C-4014-A55C-E8E725C2AB47}.Release_Native|x64.Build.0 = Release|x64
		{29B671C9-302C-4014-A55C-E8E725C2AB47}.Release_Native|x86.ActiveCfg = Release|x86
		{29B671C9-302C-4014-A55C-E8E725C2AB47}.Release_Native|x86.Build.0 = Release|x86
		{29B671C9-302C-4014-A55C-E8E725C2AB47}.Release|Any CPU.ActiveCfg = Release|Any CPU
		{29B671C9-302C-4014-A55C-E8E725C2AB47}.Release|Any CPU.Build.0 = Release|Any CPU
		{29B671C9-302C-4014-A55C-E8E725C2AB47}.Release|ARM.ActiveCfg = Release|ARM
		{29B671C9-302C-4014-A55C-E8E725C2AB47}.Release|ARM.Build.0 = Release|ARM
		{29B671C9-302C-4014-A55C-E8E725C2AB47}.Release|x64.ActiveCfg = Release|x64
		{29B671C9-302C-4014-A55C-E8E725C2AB47}.Release|x64.Build.0 = Release|x64
		{29B671C9-302C-4014-A55C-E8E725C2AB47}.Release|x86.ActiveCfg = Release|x86
		{29B671C9-302C-4014-A55C-E8E725C2AB47}.Release|x86.Build.0 = Release|x86
		{6D772B52-DA8F-4784-971A-4BF50CB6D306}.Debug .NET Native|Any CPU.ActiveCfg = Debug|Any CPU
		{6D772B52-DA8F-4784-971A-4BF50CB6D306}.Debug .NET Native|Any CPU.Build.0 = Debug|Any CPU
		{6D772B52-DA8F-4784-971A-4BF50CB6D306}.Debug .NET Native|ARM.ActiveCfg = Debug|Any CPU
		{6D772B52-DA8F-4784-971A-4BF50CB6D306}.Debug .NET Native|ARM.Build.0 = Debug|Any CPU
		{6D772B52-DA8F-4784-971A-4BF50CB6D306}.Debug .NET Native|x64.ActiveCfg = Debug|Any CPU
		{6D772B52-DA8F-4784-971A-4BF50CB6D306}.Debug .NET Native|x64.Build.0 = Debug|Any CPU
		{6D772B52-DA8F-4784-971A-4BF50CB6D306}.Debug .NET Native|x86.ActiveCfg = Debug|Any CPU
		{6D772B52-DA8F-4784-971A-4BF50CB6D306}.Debug .NET Native|x86.Build.0 = Debug|Any CPU
		{6D772B52-DA8F-4784-971A-4BF50CB6D306}.Debug|Any CPU.ActiveCfg = Debug|Any CPU
		{6D772B52-DA8F-4784-971A-4BF50CB6D306}.Debug|Any CPU.Build.0 = Debug|Any CPU
		{6D772B52-DA8F-4784-971A-4BF50CB6D306}.Debug|ARM.ActiveCfg = Debug|Any CPU
		{6D772B52-DA8F-4784-971A-4BF50CB6D306}.Debug|ARM.Build.0 = Debug|Any CPU
		{6D772B52-DA8F-4784-971A-4BF50CB6D306}.Debug|x64.ActiveCfg = Debug|Any CPU
		{6D772B52-DA8F-4784-971A-4BF50CB6D306}.Debug|x64.Build.0 = Debug|Any CPU
		{6D772B52-DA8F-4784-971A-4BF50CB6D306}.Debug|x86.ActiveCfg = Debug|Any CPU
		{6D772B52-DA8F-4784-971A-4BF50CB6D306}.Debug|x86.Build.0 = Debug|Any CPU
		{6D772B52-DA8F-4784-971A-4BF50CB6D306}.Release .NET Native|Any CPU.ActiveCfg = Release|Any CPU
		{6D772B52-DA8F-4784-971A-4BF50CB6D306}.Release .NET Native|Any CPU.Build.0 = Release|Any CPU
		{6D772B52-DA8F-4784-971A-4BF50CB6D306}.Release .NET Native|ARM.ActiveCfg = Release|Any CPU
		{6D772B52-DA8F-4784-971A-4BF50CB6D306}.Release .NET Native|ARM.Build.0 = Release|Any CPU
		{6D772B52-DA8F-4784-971A-4BF50CB6D306}.Release .NET Native|x64.ActiveCfg = Release|Any CPU
		{6D772B52-DA8F-4784-971A-4BF50CB6D306}.Release .NET Native|x64.Build.0 = Release|Any CPU
		{6D772B52-DA8F-4784-971A-4BF50CB6D306}.Release .NET Native|x86.ActiveCfg = Release|Any CPU
		{6D772B52-DA8F-4784-971A-4BF50CB6D306}.Release .NET Native|x86.Build.0 = Release|Any CPU
		{6D772B52-DA8F-4784-971A-4BF50CB6D306}.Release_Native|Any CPU.ActiveCfg = Release|Any CPU
		{6D772B52-DA8F-4784-971A-4BF50CB6D306}.Release_Native|Any CPU.Build.0 = Release|Any CPU
		{6D772B52-DA8F-4784-971A-4BF50CB6D306}.Release_Native|ARM.ActiveCfg = Release|Any CPU
		{6D772B52-DA8F-4784-971A-4BF50CB6D306}.Release_Native|ARM.Build.0 = Release|Any CPU
		{6D772B52-DA8F-4784-971A-4BF50CB6D306}.Release_Native|x64.ActiveCfg = Release|Any CPU
		{6D772B52-DA8F-4784-971A-4BF50CB6D306}.Release_Native|x64.Build.0 = Release|Any CPU
		{6D772B52-DA8F-4784-971A-4BF50CB6D306}.Release_Native|x86.ActiveCfg = Release|Any CPU
		{6D772B52-DA8F-4784-971A-4BF50CB6D306}.Release_Native|x86.Build.0 = Release|Any CPU
		{6D772B52-DA8F-4784-971A-4BF50CB6D306}.Release|Any CPU.ActiveCfg = Release|Any CPU
		{6D772B52-DA8F-4784-971A-4BF50CB6D306}.Release|Any CPU.Build.0 = Release|Any CPU
		{6D772B52-DA8F-4784-971A-4BF50CB6D306}.Release|ARM.ActiveCfg = Release|Any CPU
		{6D772B52-DA8F-4784-971A-4BF50CB6D306}.Release|ARM.Build.0 = Release|Any CPU
		{6D772B52-DA8F-4784-971A-4BF50CB6D306}.Release|x64.ActiveCfg = Release|Any CPU
		{6D772B52-DA8F-4784-971A-4BF50CB6D306}.Release|x64.Build.0 = Release|Any CPU
		{6D772B52-DA8F-4784-971A-4BF50CB6D306}.Release|x86.ActiveCfg = Release|Any CPU
		{6D772B52-DA8F-4784-971A-4BF50CB6D306}.Release|x86.Build.0 = Release|Any CPU
		{0ECBE3D9-AED4-419D-A6E3-C53D5CE2A02A}.Debug .NET Native|Any CPU.ActiveCfg = Debug|Any CPU
		{0ECBE3D9-AED4-419D-A6E3-C53D5CE2A02A}.Debug .NET Native|Any CPU.Build.0 = Debug|Any CPU
		{0ECBE3D9-AED4-419D-A6E3-C53D5CE2A02A}.Debug .NET Native|ARM.ActiveCfg = Debug|Any CPU
		{0ECBE3D9-AED4-419D-A6E3-C53D5CE2A02A}.Debug .NET Native|ARM.Build.0 = Debug|Any CPU
		{0ECBE3D9-AED4-419D-A6E3-C53D5CE2A02A}.Debug .NET Native|x64.ActiveCfg = Debug|Any CPU
		{0ECBE3D9-AED4-419D-A6E3-C53D5CE2A02A}.Debug .NET Native|x64.Build.0 = Debug|Any CPU
		{0ECBE3D9-AED4-419D-A6E3-C53D5CE2A02A}.Debug .NET Native|x86.ActiveCfg = Debug|Any CPU
		{0ECBE3D9-AED4-419D-A6E3-C53D5CE2A02A}.Debug .NET Native|x86.Build.0 = Debug|Any CPU
		{0ECBE3D9-AED4-419D-A6E3-C53D5CE2A02A}.Debug|Any CPU.ActiveCfg = Debug|Any CPU
		{0ECBE3D9-AED4-419D-A6E3-C53D5CE2A02A}.Debug|Any CPU.Build.0 = Debug|Any CPU
		{0ECBE3D9-AED4-419D-A6E3-C53D5CE2A02A}.Debug|ARM.ActiveCfg = Debug|Any CPU
		{0ECBE3D9-AED4-419D-A6E3-C53D5CE2A02A}.Debug|ARM.Build.0 = Debug|Any CPU
		{0ECBE3D9-AED4-419D-A6E3-C53D5CE2A02A}.Debug|x64.ActiveCfg = Debug|Any CPU
		{0ECBE3D9-AED4-419D-A6E3-C53D5CE2A02A}.Debug|x64.Build.0 = Debug|Any CPU
		{0ECBE3D9-AED4-419D-A6E3-C53D5CE2A02A}.Debug|x86.ActiveCfg = Debug|Any CPU
		{0ECBE3D9-AED4-419D-A6E3-C53D5CE2A02A}.Debug|x86.Build.0 = Debug|Any CPU
		{0ECBE3D9-AED4-419D-A6E3-C53D5CE2A02A}.Release .NET Native|Any CPU.ActiveCfg = Release|Any CPU
		{0ECBE3D9-AED4-419D-A6E3-C53D5CE2A02A}.Release .NET Native|Any CPU.Build.0 = Release|Any CPU
		{0ECBE3D9-AED4-419D-A6E3-C53D5CE2A02A}.Release .NET Native|ARM.ActiveCfg = Release|Any CPU
		{0ECBE3D9-AED4-419D-A6E3-C53D5CE2A02A}.Release .NET Native|ARM.Build.0 = Release|Any CPU
		{0ECBE3D9-AED4-419D-A6E3-C53D5CE2A02A}.Release .NET Native|x64.ActiveCfg = Release|Any CPU
		{0ECBE3D9-AED4-419D-A6E3-C53D5CE2A02A}.Release .NET Native|x64.Build.0 = Release|Any CPU
		{0ECBE3D9-AED4-419D-A6E3-C53D5CE2A02A}.Release .NET Native|x86.ActiveCfg = Release|Any CPU
		{0ECBE3D9-AED4-419D-A6E3-C53D5CE2A02A}.Release .NET Native|x86.Build.0 = Release|Any CPU
		{0ECBE3D9-AED4-419D-A6E3-C53D5CE2A02A}.Release_Native|Any CPU.ActiveCfg = Release|Any CPU
		{0ECBE3D9-AED4-419D-A6E3-C53D5CE2A02A}.Release_Native|Any CPU.Build.0 = Release|Any CPU
		{0ECBE3D9-AED4-419D-A6E3-C53D5CE2A02A}.Release_Native|ARM.ActiveCfg = Release|Any CPU
		{0ECBE3D9-AED4-419D-A6E3-C53D5CE2A02A}.Release_Native|ARM.Build.0 = Release|Any CPU
		{0ECBE3D9-AED4-419D-A6E3-C53D5CE2A02A}.Release_Native|x64.ActiveCfg = Release|Any CPU
		{0ECBE3D9-AED4-419D-A6E3-C53D5CE2A02A}.Release_Native|x64.Build.0 = Release|Any CPU
		{0ECBE3D9-AED4-419D-A6E3-C53D5CE2A02A}.Release_Native|x86.ActiveCfg = Release|Any CPU
		{0ECBE3D9-AED4-419D-A6E3-C53D5CE2A02A}.Release_Native|x86.Build.0 = Release|Any CPU
		{0ECBE3D9-AED4-419D-A6E3-C53D5CE2A02A}.Release|Any CPU.ActiveCfg = Release|Any CPU
		{0ECBE3D9-AED4-419D-A6E3-C53D5CE2A02A}.Release|Any CPU.Build.0 = Release|Any CPU
		{0ECBE3D9-AED4-419D-A6E3-C53D5CE2A02A}.Release|ARM.ActiveCfg = Release|Any CPU
		{0ECBE3D9-AED4-419D-A6E3-C53D5CE2A02A}.Release|ARM.Build.0 = Release|Any CPU
		{0ECBE3D9-AED4-419D-A6E3-C53D5CE2A02A}.Release|x64.ActiveCfg = Release|Any CPU
		{0ECBE3D9-AED4-419D-A6E3-C53D5CE2A02A}.Release|x64.Build.0 = Release|Any CPU
		{0ECBE3D9-AED4-419D-A6E3-C53D5CE2A02A}.Release|x86.ActiveCfg = Release|Any CPU
		{0ECBE3D9-AED4-419D-A6E3-C53D5CE2A02A}.Release|x86.Build.0 = Release|Any CPU
		{94D9A9C6-44C1-4E5A-877B-5761C963B2F6}.Debug .NET Native|Any CPU.ActiveCfg = Debug|Any CPU
		{94D9A9C6-44C1-4E5A-877B-5761C963B2F6}.Debug .NET Native|Any CPU.Build.0 = Debug|Any CPU
		{94D9A9C6-44C1-4E5A-877B-5761C963B2F6}.Debug .NET Native|ARM.ActiveCfg = Debug|ARM
		{94D9A9C6-44C1-4E5A-877B-5761C963B2F6}.Debug .NET Native|ARM.Build.0 = Debug|ARM
		{94D9A9C6-44C1-4E5A-877B-5761C963B2F6}.Debug .NET Native|x64.ActiveCfg = Debug|x64
		{94D9A9C6-44C1-4E5A-877B-5761C963B2F6}.Debug .NET Native|x64.Build.0 = Debug|x64
		{94D9A9C6-44C1-4E5A-877B-5761C963B2F6}.Debug .NET Native|x86.ActiveCfg = Debug|x86
		{94D9A9C6-44C1-4E5A-877B-5761C963B2F6}.Debug .NET Native|x86.Build.0 = Debug|x86
		{94D9A9C6-44C1-4E5A-877B-5761C963B2F6}.Debug|Any CPU.ActiveCfg = Debug|Any CPU
		{94D9A9C6-44C1-4E5A-877B-5761C963B2F6}.Debug|Any CPU.Build.0 = Debug|Any CPU
		{94D9A9C6-44C1-4E5A-877B-5761C963B2F6}.Debug|ARM.ActiveCfg = Debug|ARM
		{94D9A9C6-44C1-4E5A-877B-5761C963B2F6}.Debug|ARM.Build.0 = Debug|ARM
		{94D9A9C6-44C1-4E5A-877B-5761C963B2F6}.Debug|x64.ActiveCfg = Debug|x64
		{94D9A9C6-44C1-4E5A-877B-5761C963B2F6}.Debug|x64.Build.0 = Debug|x64
		{94D9A9C6-44C1-4E5A-877B-5761C963B2F6}.Debug|x86.ActiveCfg = Debug|x86
		{94D9A9C6-44C1-4E5A-877B-5761C963B2F6}.Debug|x86.Build.0 = Debug|x86
		{94D9A9C6-44C1-4E5A-877B-5761C963B2F6}.Release .NET Native|Any CPU.ActiveCfg = Release|Any CPU
		{94D9A9C6-44C1-4E5A-877B-5761C963B2F6}.Release .NET Native|Any CPU.Build.0 = Release|Any CPU
		{94D9A9C6-44C1-4E5A-877B-5761C963B2F6}.Release .NET Native|ARM.ActiveCfg = Release|ARM
		{94D9A9C6-44C1-4E5A-877B-5761C963B2F6}.Release .NET Native|ARM.Build.0 = Release|ARM
		{94D9A9C6-44C1-4E5A-877B-5761C963B2F6}.Release .NET Native|x64.ActiveCfg = Release|x64
		{94D9A9C6-44C1-4E5A-877B-5761C963B2F6}.Release .NET Native|x64.Build.0 = Release|x64
		{94D9A9C6-44C1-4E5A-877B-5761C963B2F6}.Release .NET Native|x86.ActiveCfg = Release|x86
		{94D9A9C6-44C1-4E5A-877B-5761C963B2F6}.Release .NET Native|x86.Build.0 = Release|x86
		{94D9A9C6-44C1-4E5A-877B-5761C963B2F6}.Release_Native|Any CPU.ActiveCfg = Release|Any CPU
		{94D9A9C6-44C1-4E5A-877B-5761C963B2F6}.Release_Native|Any CPU.Build.0 = Release|Any CPU
		{94D9A9C6-44C1-4E5A-877B-5761C963B2F6}.Release_Native|ARM.ActiveCfg = Release|ARM
		{94D9A9C6-44C1-4E5A-877B-5761C963B2F6}.Release_Native|ARM.Build.0 = Release|ARM
		{94D9A9C6-44C1-4E5A-877B-5761C963B2F6}.Release_Native|x64.ActiveCfg = Release|x64
		{94D9A9C6-44C1-4E5A-877B-5761C963B2F6}.Release_Native|x64.Build.0 = Release|x64
		{94D9A9C6-44C1-4E5A-877B-5761C963B2F6}.Release_Native|x86.ActiveCfg = Release|x86
		{94D9A9C6-44C1-4E5A-877B-5761C963B2F6}.Release_Native|x86.Build.0 = Release|x86
		{94D9A9C6-44C1-4E5A-877B-5761C963B2F6}.Release|Any CPU.ActiveCfg = Release|Any CPU
		{94D9A9C6-44C1-4E5A-877B-5761C963B2F6}.Release|Any CPU.Build.0 = Release|Any CPU
		{94D9A9C6-44C1-4E5A-877B-5761C963B2F6}.Release|ARM.ActiveCfg = Release|ARM
		{94D9A9C6-44C1-4E5A-877B-5761C963B2F6}.Release|ARM.Build.0 = Release|ARM
		{94D9A9C6-44C1-4E5A-877B-5761C963B2F6}.Release|x64.ActiveCfg = Release|x64
		{94D9A9C6-44C1-4E5A-877B-5761C963B2F6}.Release|x64.Build.0 = Release|x64
		{94D9A9C6-44C1-4E5A-877B-5761C963B2F6}.Release|x86.ActiveCfg = Release|x86
		{94D9A9C6-44C1-4E5A-877B-5761C963B2F6}.Release|x86.Build.0 = Release|x86
		{45BDAE79-0DCB-46DD-A48A-74BC9B8F2982}.Debug .NET Native|Any CPU.ActiveCfg = Debug|Any CPU
		{45BDAE79-0DCB-46DD-A48A-74BC9B8F2982}.Debug .NET Native|Any CPU.Build.0 = Debug|Any CPU
		{45BDAE79-0DCB-46DD-A48A-74BC9B8F2982}.Debug .NET Native|ARM.ActiveCfg = Debug|ARM
		{45BDAE79-0DCB-46DD-A48A-74BC9B8F2982}.Debug .NET Native|ARM.Build.0 = Debug|ARM
		{45BDAE79-0DCB-46DD-A48A-74BC9B8F2982}.Debug .NET Native|x64.ActiveCfg = Debug|x64
		{45BDAE79-0DCB-46DD-A48A-74BC9B8F2982}.Debug .NET Native|x64.Build.0 = Debug|x64
		{45BDAE79-0DCB-46DD-A48A-74BC9B8F2982}.Debug .NET Native|x86.ActiveCfg = Debug|x86
		{45BDAE79-0DCB-46DD-A48A-74BC9B8F2982}.Debug .NET Native|x86.Build.0 = Debug|x86
		{45BDAE79-0DCB-46DD-A48A-74BC9B8F2982}.Debug|Any CPU.ActiveCfg = Debug|Any CPU
		{45BDAE79-0DCB-46DD-A48A-74BC9B8F2982}.Debug|Any CPU.Build.0 = Debug|Any CPU
		{45BDAE79-0DCB-46DD-A48A-74BC9B8F2982}.Debug|ARM.ActiveCfg = Debug|ARM
		{45BDAE79-0DCB-46DD-A48A-74BC9B8F2982}.Debug|ARM.Build.0 = Debug|ARM
		{45BDAE79-0DCB-46DD-A48A-74BC9B8F2982}.Debug|x64.ActiveCfg = Debug|x64
		{45BDAE79-0DCB-46DD-A48A-74BC9B8F2982}.Debug|x64.Build.0 = Debug|x64
		{45BDAE79-0DCB-46DD-A48A-74BC9B8F2982}.Debug|x86.ActiveCfg = Debug|x86
		{45BDAE79-0DCB-46DD-A48A-74BC9B8F2982}.Debug|x86.Build.0 = Debug|x86
		{45BDAE79-0DCB-46DD-A48A-74BC9B8F2982}.Release .NET Native|Any CPU.ActiveCfg = Release|Any CPU
		{45BDAE79-0DCB-46DD-A48A-74BC9B8F2982}.Release .NET Native|Any CPU.Build.0 = Release|Any CPU
		{45BDAE79-0DCB-46DD-A48A-74BC9B8F2982}.Release .NET Native|ARM.ActiveCfg = Release|ARM
		{45BDAE79-0DCB-46DD-A48A-74BC9B8F2982}.Release .NET Native|ARM.Build.0 = Release|ARM
		{45BDAE79-0DCB-46DD-A48A-74BC9B8F2982}.Release .NET Native|x64.ActiveCfg = Release|x64
		{45BDAE79-0DCB-46DD-A48A-74BC9B8F2982}.Release .NET Native|x64.Build.0 = Release|x64
		{45BDAE79-0DCB-46DD-A48A-74BC9B8F2982}.Release .NET Native|x86.ActiveCfg = Release|x86
		{45BDAE79-0DCB-46DD-A48A-74BC9B8F2982}.Release .NET Native|x86.Build.0 = Release|x86
		{45BDAE79-0DCB-46DD-A48A-74BC9B8F2982}.Release_Native|Any CPU.ActiveCfg = Release|Any CPU
		{45BDAE79-0DCB-46DD-A48A-74BC9B8F2982}.Release_Native|Any CPU.Build.0 = Release|Any CPU
		{45BDAE79-0DCB-46DD-A48A-74BC9B8F2982}.Release_Native|ARM.ActiveCfg = Release|ARM
		{45BDAE79-0DCB-46DD-A48A-74BC9B8F2982}.Release_Native|ARM.Build.0 = Release|ARM
		{45BDAE79-0DCB-46DD-A48A-74BC9B8F2982}.Release_Native|x64.ActiveCfg = Release|x64
		{45BDAE79-0DCB-46DD-A48A-74BC9B8F2982}.Release_Native|x64.Build.0 = Release|x64
		{45BDAE79-0DCB-46DD-A48A-74BC9B8F2982}.Release_Native|x86.ActiveCfg = Release|x86
		{45BDAE79-0DCB-46DD-A48A-74BC9B8F2982}.Release_Native|x86.Build.0 = Release|x86
		{45BDAE79-0DCB-46DD-A48A-74BC9B8F2982}.Release|Any CPU.ActiveCfg = Release|Any CPU
		{45BDAE79-0DCB-46DD-A48A-74BC9B8F2982}.Release|Any CPU.Build.0 = Release|Any CPU
		{45BDAE79-0DCB-46DD-A48A-74BC9B8F2982}.Release|ARM.ActiveCfg = Release|ARM
		{45BDAE79-0DCB-46DD-A48A-74BC9B8F2982}.Release|ARM.Build.0 = Release|ARM
		{45BDAE79-0DCB-46DD-A48A-74BC9B8F2982}.Release|x64.ActiveCfg = Release|x64
		{45BDAE79-0DCB-46DD-A48A-74BC9B8F2982}.Release|x64.Build.0 = Release|x64
		{45BDAE79-0DCB-46DD-A48A-74BC9B8F2982}.Release|x86.ActiveCfg = Release|x86
		{45BDAE79-0DCB-46DD-A48A-74BC9B8F2982}.Release|x86.Build.0 = Release|x86
		{B97F09BC-3D06-4F0D-90C3-CAF002B9885B}.Debug .NET Native|Any CPU.ActiveCfg = Release|x86
		{B97F09BC-3D06-4F0D-90C3-CAF002B9885B}.Debug .NET Native|Any CPU.Build.0 = Release|x86
		{B97F09BC-3D06-4F0D-90C3-CAF002B9885B}.Debug .NET Native|Any CPU.Deploy.0 = Release|x86
		{B97F09BC-3D06-4F0D-90C3-CAF002B9885B}.Debug .NET Native|ARM.ActiveCfg = Debug|ARM
		{B97F09BC-3D06-4F0D-90C3-CAF002B9885B}.Debug .NET Native|ARM.Build.0 = Debug|ARM
		{B97F09BC-3D06-4F0D-90C3-CAF002B9885B}.Debug .NET Native|ARM.Deploy.0 = Debug|ARM
		{B97F09BC-3D06-4F0D-90C3-CAF002B9885B}.Debug .NET Native|x64.ActiveCfg = Debug|x64
		{B97F09BC-3D06-4F0D-90C3-CAF002B9885B}.Debug .NET Native|x64.Build.0 = Debug|x64
		{B97F09BC-3D06-4F0D-90C3-CAF002B9885B}.Debug .NET Native|x64.Deploy.0 = Debug|x64
		{B97F09BC-3D06-4F0D-90C3-CAF002B9885B}.Debug .NET Native|x86.ActiveCfg = Debug|x86
		{B97F09BC-3D06-4F0D-90C3-CAF002B9885B}.Debug .NET Native|x86.Build.0 = Debug|x86
		{B97F09BC-3D06-4F0D-90C3-CAF002B9885B}.Debug .NET Native|x86.Deploy.0 = Debug|x86
		{B97F09BC-3D06-4F0D-90C3-CAF002B9885B}.Debug|Any CPU.ActiveCfg = Debug|x86
		{B97F09BC-3D06-4F0D-90C3-CAF002B9885B}.Debug|ARM.ActiveCfg = Debug|ARM
		{B97F09BC-3D06-4F0D-90C3-CAF002B9885B}.Debug|ARM.Build.0 = Debug|ARM
		{B97F09BC-3D06-4F0D-90C3-CAF002B9885B}.Debug|ARM.Deploy.0 = Debug|ARM
		{B97F09BC-3D06-4F0D-90C3-CAF002B9885B}.Debug|x64.ActiveCfg = Debug|x64
		{B97F09BC-3D06-4F0D-90C3-CAF002B9885B}.Debug|x64.Build.0 = Debug|x64
		{B97F09BC-3D06-4F0D-90C3-CAF002B9885B}.Debug|x64.Deploy.0 = Debug|x64
		{B97F09BC-3D06-4F0D-90C3-CAF002B9885B}.Debug|x86.ActiveCfg = Debug|x86
		{B97F09BC-3D06-4F0D-90C3-CAF002B9885B}.Debug|x86.Build.0 = Debug|x86
		{B97F09BC-3D06-4F0D-90C3-CAF002B9885B}.Debug|x86.Deploy.0 = Debug|x86
		{B97F09BC-3D06-4F0D-90C3-CAF002B9885B}.Release .NET Native|Any CPU.ActiveCfg = Release|x86
		{B97F09BC-3D06-4F0D-90C3-CAF002B9885B}.Release .NET Native|Any CPU.Build.0 = Release|x86
		{B97F09BC-3D06-4F0D-90C3-CAF002B9885B}.Release .NET Native|Any CPU.Deploy.0 = Release|x86
		{B97F09BC-3D06-4F0D-90C3-CAF002B9885B}.Release .NET Native|ARM.ActiveCfg = Release|ARM
		{B97F09BC-3D06-4F0D-90C3-CAF002B9885B}.Release .NET Native|ARM.Build.0 = Release|ARM
		{B97F09BC-3D06-4F0D-90C3-CAF002B9885B}.Release .NET Native|ARM.Deploy.0 = Release|ARM
		{B97F09BC-3D06-4F0D-90C3-CAF002B9885B}.Release .NET Native|x64.ActiveCfg = Release|x64
		{B97F09BC-3D06-4F0D-90C3-CAF002B9885B}.Release .NET Native|x64.Build.0 = Release|x64
		{B97F09BC-3D06-4F0D-90C3-CAF002B9885B}.Release .NET Native|x64.Deploy.0 = Release|x64
		{B97F09BC-3D06-4F0D-90C3-CAF002B9885B}.Release .NET Native|x86.ActiveCfg = Release|x86
		{B97F09BC-3D06-4F0D-90C3-CAF002B9885B}.Release .NET Native|x86.Build.0 = Release|x86
		{B97F09BC-3D06-4F0D-90C3-CAF002B9885B}.Release .NET Native|x86.Deploy.0 = Release|x86
		{B97F09BC-3D06-4F0D-90C3-CAF002B9885B}.Release_Native|Any CPU.ActiveCfg = Release|x86
		{B97F09BC-3D06-4F0D-90C3-CAF002B9885B}.Release_Native|Any CPU.Build.0 = Release|x86
		{B97F09BC-3D06-4F0D-90C3-CAF002B9885B}.Release_Native|Any CPU.Deploy.0 = Release|x86
		{B97F09BC-3D06-4F0D-90C3-CAF002B9885B}.Release_Native|ARM.ActiveCfg = Release|ARM
		{B97F09BC-3D06-4F0D-90C3-CAF002B9885B}.Release_Native|ARM.Build.0 = Release|ARM
		{B97F09BC-3D06-4F0D-90C3-CAF002B9885B}.Release_Native|ARM.Deploy.0 = Release|ARM
		{B97F09BC-3D06-4F0D-90C3-CAF002B9885B}.Release_Native|x64.ActiveCfg = Release|x64
		{B97F09BC-3D06-4F0D-90C3-CAF002B9885B}.Release_Native|x64.Build.0 = Release|x64
		{B97F09BC-3D06-4F0D-90C3-CAF002B9885B}.Release_Native|x64.Deploy.0 = Release|x64
		{B97F09BC-3D06-4F0D-90C3-CAF002B9885B}.Release_Native|x86.ActiveCfg = Release|x86
		{B97F09BC-3D06-4F0D-90C3-CAF002B9885B}.Release_Native|x86.Build.0 = Release|x86
		{B97F09BC-3D06-4F0D-90C3-CAF002B9885B}.Release_Native|x86.Deploy.0 = Release|x86
		{B97F09BC-3D06-4F0D-90C3-CAF002B9885B}.Release|Any CPU.ActiveCfg = Release|x86
		{B97F09BC-3D06-4F0D-90C3-CAF002B9885B}.Release|ARM.ActiveCfg = Release|ARM
		{B97F09BC-3D06-4F0D-90C3-CAF002B9885B}.Release|ARM.Build.0 = Release|ARM
		{B97F09BC-3D06-4F0D-90C3-CAF002B9885B}.Release|ARM.Deploy.0 = Release|ARM
		{B97F09BC-3D06-4F0D-90C3-CAF002B9885B}.Release|x64.ActiveCfg = Release|x64
		{B97F09BC-3D06-4F0D-90C3-CAF002B9885B}.Release|x64.Build.0 = Release|x64
		{B97F09BC-3D06-4F0D-90C3-CAF002B9885B}.Release|x64.Deploy.0 = Release|x64
		{B97F09BC-3D06-4F0D-90C3-CAF002B9885B}.Release|x86.ActiveCfg = Release|x86
		{B97F09BC-3D06-4F0D-90C3-CAF002B9885B}.Release|x86.Build.0 = Release|x86
		{B97F09BC-3D06-4F0D-90C3-CAF002B9885B}.Release|x86.Deploy.0 = Release|x86
		{E6783ABD-7BB8-4868-A1CD-5AC4A9AF9FBE}.Debug .NET Native|Any CPU.ActiveCfg = Debug|Any CPU
		{E6783ABD-7BB8-4868-A1CD-5AC4A9AF9FBE}.Debug .NET Native|Any CPU.Build.0 = Debug|Any CPU
		{E6783ABD-7BB8-4868-A1CD-5AC4A9AF9FBE}.Debug .NET Native|ARM.ActiveCfg = Debug|ARM
		{E6783ABD-7BB8-4868-A1CD-5AC4A9AF9FBE}.Debug .NET Native|ARM.Build.0 = Debug|ARM
		{E6783ABD-7BB8-4868-A1CD-5AC4A9AF9FBE}.Debug .NET Native|x64.ActiveCfg = Debug|x64
		{E6783ABD-7BB8-4868-A1CD-5AC4A9AF9FBE}.Debug .NET Native|x64.Build.0 = Debug|x64
		{E6783ABD-7BB8-4868-A1CD-5AC4A9AF9FBE}.Debug .NET Native|x86.ActiveCfg = Debug|x86
		{E6783ABD-7BB8-4868-A1CD-5AC4A9AF9FBE}.Debug .NET Native|x86.Build.0 = Debug|x86
		{E6783ABD-7BB8-4868-A1CD-5AC4A9AF9FBE}.Debug|Any CPU.ActiveCfg = Debug|Any CPU
		{E6783ABD-7BB8-4868-A1CD-5AC4A9AF9FBE}.Debug|Any CPU.Build.0 = Debug|Any CPU
		{E6783ABD-7BB8-4868-A1CD-5AC4A9AF9FBE}.Debug|ARM.ActiveCfg = Debug|ARM
		{E6783ABD-7BB8-4868-A1CD-5AC4A9AF9FBE}.Debug|ARM.Build.0 = Debug|ARM
		{E6783ABD-7BB8-4868-A1CD-5AC4A9AF9FBE}.Debug|x64.ActiveCfg = Debug|x64
		{E6783ABD-7BB8-4868-A1CD-5AC4A9AF9FBE}.Debug|x64.Build.0 = Debug|x64
		{E6783ABD-7BB8-4868-A1CD-5AC4A9AF9FBE}.Debug|x86.ActiveCfg = Debug|x86
		{E6783ABD-7BB8-4868-A1CD-5AC4A9AF9FBE}.Debug|x86.Build.0 = Debug|x86
		{E6783ABD-7BB8-4868-A1CD-5AC4A9AF9FBE}.Release .NET Native|Any CPU.ActiveCfg = Release|Any CPU
		{E6783ABD-7BB8-4868-A1CD-5AC4A9AF9FBE}.Release .NET Native|Any CPU.Build.0 = Release|Any CPU
		{E6783ABD-7BB8-4868-A1CD-5AC4A9AF9FBE}.Release .NET Native|ARM.ActiveCfg = Release|ARM
		{E6783ABD-7BB8-4868-A1CD-5AC4A9AF9FBE}.Release .NET Native|ARM.Build.0 = Release|ARM
		{E6783ABD-7BB8-4868-A1CD-5AC4A9AF9FBE}.Release .NET Native|x64.ActiveCfg = Release|x64
		{E6783ABD-7BB8-4868-A1CD-5AC4A9AF9FBE}.Release .NET Native|x64.Build.0 = Release|x64
		{E6783ABD-7BB8-4868-A1CD-5AC4A9AF9FBE}.Release .NET Native|x86.ActiveCfg = Release|x86
		{E6783ABD-7BB8-4868-A1CD-5AC4A9AF9FBE}.Release .NET Native|x86.Build.0 = Release|x86
		{E6783ABD-7BB8-4868-A1CD-5AC4A9AF9FBE}.Release_Native|Any CPU.ActiveCfg = Release|Any CPU
		{E6783ABD-7BB8-4868-A1CD-5AC4A9AF9FBE}.Release_Native|Any CPU.Build.0 = Release|Any CPU
		{E6783ABD-7BB8-4868-A1CD-5AC4A9AF9FBE}.Release_Native|ARM.ActiveCfg = Release|ARM
		{E6783ABD-7BB8-4868-A1CD-5AC4A9AF9FBE}.Release_Native|ARM.Build.0 = Release|ARM
		{E6783ABD-7BB8-4868-A1CD-5AC4A9AF9FBE}.Release_Native|x64.ActiveCfg = Release|x64
		{E6783ABD-7BB8-4868-A1CD-5AC4A9AF9FBE}.Release_Native|x64.Build.0 = Release|x64
		{E6783ABD-7BB8-4868-A1CD-5AC4A9AF9FBE}.Release_Native|x86.ActiveCfg = Release|x86
		{E6783ABD-7BB8-4868-A1CD-5AC4A9AF9FBE}.Release_Native|x86.Build.0 = Release|x86
		{E6783ABD-7BB8-4868-A1CD-5AC4A9AF9FBE}.Release|Any CPU.ActiveCfg = Release|Any CPU
		{E6783ABD-7BB8-4868-A1CD-5AC4A9AF9FBE}.Release|Any CPU.Build.0 = Release|Any CPU
		{E6783ABD-7BB8-4868-A1CD-5AC4A9AF9FBE}.Release|ARM.ActiveCfg = Release|ARM
		{E6783ABD-7BB8-4868-A1CD-5AC4A9AF9FBE}.Release|ARM.Build.0 = Release|ARM
		{E6783ABD-7BB8-4868-A1CD-5AC4A9AF9FBE}.Release|x64.ActiveCfg = Release|x64
		{E6783ABD-7BB8-4868-A1CD-5AC4A9AF9FBE}.Release|x64.Build.0 = Release|x64
		{E6783ABD-7BB8-4868-A1CD-5AC4A9AF9FBE}.Release|x86.ActiveCfg = Release|x86
		{E6783ABD-7BB8-4868-A1CD-5AC4A9AF9FBE}.Release|x86.Build.0 = Release|x86
		{EAF6EC7B-39D2-4A16-B3C9-B64BD28E12C2}.Debug .NET Native|Any CPU.ActiveCfg = Debug|Any CPU
		{EAF6EC7B-39D2-4A16-B3C9-B64BD28E12C2}.Debug .NET Native|Any CPU.Build.0 = Debug|Any CPU
		{EAF6EC7B-39D2-4A16-B3C9-B64BD28E12C2}.Debug .NET Native|ARM.ActiveCfg = Debug|ARM
		{EAF6EC7B-39D2-4A16-B3C9-B64BD28E12C2}.Debug .NET Native|ARM.Build.0 = Debug|ARM
		{EAF6EC7B-39D2-4A16-B3C9-B64BD28E12C2}.Debug .NET Native|x64.ActiveCfg = Debug|x64
		{EAF6EC7B-39D2-4A16-B3C9-B64BD28E12C2}.Debug .NET Native|x64.Build.0 = Debug|x64
		{EAF6EC7B-39D2-4A16-B3C9-B64BD28E12C2}.Debug .NET Native|x86.ActiveCfg = Debug|x86
		{EAF6EC7B-39D2-4A16-B3C9-B64BD28E12C2}.Debug .NET Native|x86.Build.0 = Debug|x86
		{EAF6EC7B-39D2-4A16-B3C9-B64BD28E12C2}.Debug|Any CPU.ActiveCfg = Debug|Any CPU
		{EAF6EC7B-39D2-4A16-B3C9-B64BD28E12C2}.Debug|Any CPU.Build.0 = Debug|Any CPU
		{EAF6EC7B-39D2-4A16-B3C9-B64BD28E12C2}.Debug|ARM.ActiveCfg = Debug|ARM
		{EAF6EC7B-39D2-4A16-B3C9-B64BD28E12C2}.Debug|ARM.Build.0 = Debug|ARM
		{EAF6EC7B-39D2-4A16-B3C9-B64BD28E12C2}.Debug|x64.ActiveCfg = Debug|x64
		{EAF6EC7B-39D2-4A16-B3C9-B64BD28E12C2}.Debug|x64.Build.0 = Debug|x64
		{EAF6EC7B-39D2-4A16-B3C9-B64BD28E12C2}.Debug|x86.ActiveCfg = Debug|x86
		{EAF6EC7B-39D2-4A16-B3C9-B64BD28E12C2}.Debug|x86.Build.0 = Debug|x86
		{EAF6EC7B-39D2-4A16-B3C9-B64BD28E12C2}.Release .NET Native|Any CPU.ActiveCfg = Release|Any CPU
		{EAF6EC7B-39D2-4A16-B3C9-B64BD28E12C2}.Release .NET Native|Any CPU.Build.0 = Release|Any CPU
		{EAF6EC7B-39D2-4A16-B3C9-B64BD28E12C2}.Release .NET Native|ARM.ActiveCfg = Release|ARM
		{EAF6EC7B-39D2-4A16-B3C9-B64BD28E12C2}.Release .NET Native|ARM.Build.0 = Release|ARM
		{EAF6EC7B-39D2-4A16-B3C9-B64BD28E12C2}.Release .NET Native|x64.ActiveCfg = Release|x64
		{EAF6EC7B-39D2-4A16-B3C9-B64BD28E12C2}.Release .NET Native|x64.Build.0 = Release|x64
		{EAF6EC7B-39D2-4A16-B3C9-B64BD28E12C2}.Release .NET Native|x86.ActiveCfg = Release|x86
		{EAF6EC7B-39D2-4A16-B3C9-B64BD28E12C2}.Release .NET Native|x86.Build.0 = Release|x86
		{EAF6EC7B-39D2-4A16-B3C9-B64BD28E12C2}.Release_Native|Any CPU.ActiveCfg = Release|Any CPU
		{EAF6EC7B-39D2-4A16-B3C9-B64BD28E12C2}.Release_Native|Any CPU.Build.0 = Release|Any CPU
		{EAF6EC7B-39D2-4A16-B3C9-B64BD28E12C2}.Release_Native|ARM.ActiveCfg = Release|ARM
		{EAF6EC7B-39D2-4A16-B3C9-B64BD28E12C2}.Release_Native|ARM.Build.0 = Release|ARM
		{EAF6EC7B-39D2-4A16-B3C9-B64BD28E12C2}.Release_Native|x64.ActiveCfg = Release|x64
		{EAF6EC7B-39D2-4A16-B3C9-B64BD28E12C2}.Release_Native|x64.Build.0 = Release|x64
		{EAF6EC7B-39D2-4A16-B3C9-B64BD28E12C2}.Release_Native|x86.ActiveCfg = Release|x86
		{EAF6EC7B-39D2-4A16-B3C9-B64BD28E12C2}.Release_Native|x86.Build.0 = Release|x86
		{EAF6EC7B-39D2-4A16-B3C9-B64BD28E12C2}.Release|Any CPU.ActiveCfg = Release|Any CPU
		{EAF6EC7B-39D2-4A16-B3C9-B64BD28E12C2}.Release|Any CPU.Build.0 = Release|Any CPU
		{EAF6EC7B-39D2-4A16-B3C9-B64BD28E12C2}.Release|ARM.ActiveCfg = Release|ARM
		{EAF6EC7B-39D2-4A16-B3C9-B64BD28E12C2}.Release|ARM.Build.0 = Release|ARM
		{EAF6EC7B-39D2-4A16-B3C9-B64BD28E12C2}.Release|x64.ActiveCfg = Release|x64
		{EAF6EC7B-39D2-4A16-B3C9-B64BD28E12C2}.Release|x64.Build.0 = Release|x64
		{EAF6EC7B-39D2-4A16-B3C9-B64BD28E12C2}.Release|x86.ActiveCfg = Release|x86
		{EAF6EC7B-39D2-4A16-B3C9-B64BD28E12C2}.Release|x86.Build.0 = Release|x86
	EndGlobalSection
	GlobalSection(SolutionProperties) = preSolution
		HideSolutionNode = FALSE
	EndGlobalSection
	GlobalSection(NestedProjects) = preSolution
		{7A21D812-3F29-4553-A629-E1C81901F50B} = {6596AEDD-727B-4097-A946-2819992EE2D2}
		{E16843F7-D823-4601-8E42-77ABE2A4463B} = {6596AEDD-727B-4097-A946-2819992EE2D2}
		{29B671C9-302C-4014-A55C-E8E725C2AB47} = {6596AEDD-727B-4097-A946-2819992EE2D2}
		{6D772B52-DA8F-4784-971A-4BF50CB6D306} = {5C7BE9A5-8A4C-4994-A050-96C3E13E0CF1}
		{0ECBE3D9-AED4-419D-A6E3-C53D5CE2A02A} = {5C7BE9A5-8A4C-4994-A050-96C3E13E0CF1}
		{94D9A9C6-44C1-4E5A-877B-5761C963B2F6} = {5C7BE9A5-8A4C-4994-A050-96C3E13E0CF1}
		{45BDAE79-0DCB-46DD-A48A-74BC9B8F2982} = {1E6A3CD2-81A7-4DA2-8822-5415B5C13E7E}
		{B97F09BC-3D06-4F0D-90C3-CAF002B9885B} = {1E6A3CD2-81A7-4DA2-8822-5415B5C13E7E}
		{E6783ABD-7BB8-4868-A1CD-5AC4A9AF9FBE} = {6596AEDD-727B-4097-A946-2819992EE2D2}
		{EAF6EC7B-39D2-4A16-B3C9-B64BD28E12C2} = {6596AEDD-727B-4097-A946-2819992EE2D2}
	EndGlobalSection
EndGlobal
